
Microsoft Visual Studio Solution File, Format Version 12.00
# Visual Studio 15
Project("{FAE04EC0-301F-11D3-BF4B-00C04F79EFBC}") = "Assembly-CSharp", "Assembly-CSharp.csproj", "{C102FC70-A63E-F7B5-6E96-CA78DB91BFDD}"
EndProject
Project("{FAE04EC0-301F-11D3-BF4B-00C04F79EFBC}") = "Assembly-CSharp-Editor", "Assembly-CSharp-Editor.csproj", "{D4FBEF5C-82E1-8264-E695-D928BCDBF071}"
EndProject
Global
	GlobalSection(SolutionConfigurationPlatforms) = preSolution
		Debug|Any CPU = Debug|Any CPU
		Release|Any CPU = Release|Any CPU
	EndGlobalSection
	GlobalSection(ProjectConfigurationPlatforms) = postSolution
		{C102FC70-A63E-F7B5-6E96-CA78DB91BFDD}.Debug|Any CPU.ActiveCfg = Debug|Any CPU
		{C102FC70-A63E-F7B5-6E96-CA78DB91BFDD}.Debug|Any CPU.Build.0 = Debug|Any CPU
		{C102FC70-A63E-F7B5-6E96-CA78DB91BFDD}.Release|Any CPU.ActiveCfg = Release|Any CPU
		{C102FC70-A63E-F7B5-6E96-CA78DB91BFDD}.Release|Any CPU.Build.0 = Release|Any CPU
		{D4FBEF5C-82E1-8264-E695-D928BCDBF071}.Debug|Any CPU.ActiveCfg = Debug|Any CPU
		{D4FBEF5C-82E1-8264-E695-D928BCDBF071}.Debug|Any CPU.Build.0 = Debug|Any CPU
		{D4FBEF5C-82E1-8264-E695-D928BCDBF071}.Release|Any CPU.ActiveCfg = Release|Any CPU
		{D4FBEF5C-82E1-8264-E695-D928BCDBF071}.Release|Any CPU.Build.0 = Release|Any CPU
	EndGlobalSection
	GlobalSection(SolutionProperties) = preSolution
		HideSolutionNode = FALSE
	EndGlobalSection
EndGlobal
